
Microsoft Visual Studio Solution File, Format Version 12.00
# Visual Studio Version 17
VisualStudioVersion = 17.4.33213.308
MinimumVisualStudioVersion = 10.0.40219.1
Project("{FAE04EC0-301F-11D3-BF4B-00C04F79EFBC}") = "HostsAlgorithm", "HostsAlgorithm.csproj", "{D59D9514-8CE9-48F4-8D03-FDF2C1AEB150}"
EndProject
Global
	GlobalSection(SolutionConfigurationPlatforms) = preSolution
		Debug|Any CPU = Debug|Any CPU
		Release|Any CPU = Release|Any CPU
	EndGlobalSection
	GlobalSection(ProjectConfigurationPlatforms) = postSolution
		{D59D9514-8CE9-48F4-8D03-FDF2C1AEB150}.Debug|Any CPU.ActiveCfg = Debug|Any CPU
		{D59D9514-8CE9-48F4-8D03-FDF2C1AEB150}.Debug|Any CPU.Build.0 = Debug|Any CPU
		{D59D9514-8CE9-48F4-8D03-FDF2C1AEB150}.Release|Any CPU.ActiveCfg = Release|Any CPU
		{D59D9514-8CE9-48F4-8D03-FDF2C1AEB150}.Release|Any CPU.Build.0 = Release|Any CPU
	EndGlobalSection
	GlobalSection(SolutionProperties) = preSolution
		HideSolutionNode = FALSE
	EndGlobalSection
	GlobalSection(ExtensibilityGlobals) = postSolution
		SolutionGuid = {4DD53459-6B8C-4F4A-908F-E52E95EC38AE}
	EndGlobalSection
EndGlobal
